// !$*UTF8*$!
{
	archiveVersion = 1;
	classes = {
	};
	objectVersion = 56;
	objects = {

/* Begin PBXBuildFile section */
		5E0B6DAE2C656D640071A826 /* LOTRConverter17App.swift in Sources */ = {isa = PBXBuildFile; fileRef = 5E0B6DAD2C656D640071A826 /* LOTRConverter17App.swift */; };
		5E0B6DB02C656D640071A826 /* ContentView.swift in Sources */ = {isa = PBXBuildFile; fileRef = 5E0B6DAF2C656D640071A826 /* ContentView.swift */; };
		5E0B6DB22C656D660071A826 /* Assets.xcassets in Resources */ = {isa = PBXBuildFile; fileRef = 5E0B6DB12C656D660071A826 /* Assets.xcassets */; };
		5E0B6DB52C656D660071A826 /* Preview Assets.xcassets in Resources */ = {isa = PBXBuildFile; fileRef = 5E0B6DB42C656D660071A826 /* Preview Assets.xcassets */; };
		5E0B6DBF2C656D660071A826 /* LOTRConverter17Tests.swift in Sources */ = {isa = PBXBuildFile; fileRef = 5E0B6DBE2C656D660071A826 /* LOTRConverter17Tests.swift */; };
		5E0B6DC92C656D660071A826 /* LOTRConverter17UITests.swift in Sources */ = {isa = PBXBuildFile; fileRef = 5E0B6DC82C656D660071A826 /* LOTRConverter17UITests.swift */; };
		5E0B6DCB2C656D660071A826 /* LOTRConverter17UITestsLaunchTests.swift in Sources */ = {isa = PBXBuildFile; fileRef = 5E0B6DCA2C656D660071A826 /* LOTRConverter17UITestsLaunchTests.swift */; };
		5E0B6DD82C66A50B0071A826 /* ExchangeInfo.swift in Sources */ = {isa = PBXBuildFile; fileRef = 5E0B6DD72C66A50B0071A826 /* ExchangeInfo.swift */; };
		5E0B6DDA2C66B4BC0071A826 /* ExchangeRate.swift in Sources */ = {isa = PBXBuildFile; fileRef = 5E0B6DD92C66B4BC0071A826 /* ExchangeRate.swift */; };
		5E18EE172C69D97D0035B6FD /* SelectCurrency.swift in Sources */ = {isa = PBXBuildFile; fileRef = 5E18EE162C69D97D0035B6FD /* SelectCurrency.swift */; };
		5E18EE192C69DE780035B6FD /* CurrencyIcon.swift in Sources */ = {isa = PBXBuildFile; fileRef = 5E18EE182C69DE780035B6FD /* CurrencyIcon.swift */; };
/* End PBXBuildFile section */

/* Begin PBXContainerItemProxy section */
		5E0B6DBB2C656D660071A826 /* PBXContainerItemProxy */ = {
			isa = PBXContainerItemProxy;
			containerPortal = 5E0B6DA22C656D640071A826 /* Project object */;
			proxyType = 1;
			remoteGlobalIDString = 5E0B6DA92C656D640071A826;
			remoteInfo = LOTRConverter17;
		};
		5E0B6DC52C656D660071A826 /* PBXContainerItemProxy */ = {
			isa = PBXContainerItemProxy;
			containerPortal = 5E0B6DA22C656D640071A826 /* Project object */;
			proxyType = 1;
			remoteGlobalIDString = 5E0B6DA92C656D640071A826;
			remoteInfo = LOTRConverter17;
		};
/* End PBXContainerItemProxy section */

/* Begin PBXFileReference section */
		5E0B6DAA2C656D640071A826 /* LOTRConverter17.app */ = {isa = PBXFileReference; explicitFileType = wrapper.application; includeInIndex = 0; path = LOTRConverter17.app; sourceTree = BUILT_PRODUCTS_DIR; };
		5E0B6DAD2C656D640071A826 /* LOTRConverter17App.swift */ = {isa = PBXFileReference; lastKnownFileType = sourcecode.swift; path = LOTRConverter17App.swift; sourceTree = "<group>"; };
		5E0B6DAF2C656D640071A826 /* ContentView.swift */ = {isa = PBXFileReference; lastKnownFileType = sourcecode.swift; path = ContentView.swift; sourceTree = "<group>"; };
		5E0B6DB12C656D660071A826 /* Assets.xcassets */ = {isa = PBXFileReference; lastKnownFileType = folder.assetcatalog; path = Assets.xcassets; sourceTree = "<group>"; };
		5E0B6DB42C656D660071A826 /* Preview Assets.xcassets */ = {isa = PBXFileReference; lastKnownFileType = folder.assetcatalog; path = "Preview Assets.xcassets"; sourceTree = "<group>"; };
		5E0B6DBA2C656D660071A826 /* LOTRConverter17Tests.xctest */ = {isa = PBXFileReference; explicitFileType = wrapper.cfbundle; includeInIndex = 0; path = LOTRConverter17Tests.xctest; sourceTree = BUILT_PRODUCTS_DIR; };
		5E0B6DBE2C656D660071A826 /* LOTRConverter17Tests.swift */ = {isa = PBXFileReference; lastKnownFileType = sourcecode.swift; path = LOTRConverter17Tests.swift; sourceTree = "<group>"; };
		5E0B6DC42C656D660071A826 /* LOTRConverter17UITests.xctest */ = {isa = PBXFileReference; explicitFileType = wrapper.cfbundle; includeInIndex = 0; path = LOTRConverter17UITests.xctest; sourceTree = BUILT_PRODUCTS_DIR; };
		5E0B6DC82C656D660071A826 /* LOTRConverter17UITests.swift */ = {isa = PBXFileReference; lastKnownFileType = sourcecode.swift; path = LOTRConverter17UITests.swift; sourceTree = "<group>"; };
		5E0B6DCA2C656D660071A826 /* LOTRConverter17UITestsLaunchTests.swift */ = {isa = PBXFileReference; lastKnownFileType = sourcecode.swift; path = LOTRConverter17UITestsLaunchTests.swift; sourceTree = "<group>"; };
		5E0B6DD72C66A50B0071A826 /* ExchangeInfo.swift */ = {isa = PBXFileReference; lastKnownFileType = sourcecode.swift; path = ExchangeInfo.swift; sourceTree = "<group>"; };
		5E0B6DD92C66B4BC0071A826 /* ExchangeRate.swift */ = {isa = PBXFileReference; lastKnownFileType = sourcecode.swift; path = ExchangeRate.swift; sourceTree = "<group>"; };
		5E18EE162C69D97D0035B6FD /* SelectCurrency.swift */ = {isa = PBXFileReference; lastKnownFileType = sourcecode.swift; path = SelectCurrency.swift; sourceTree = "<group>"; };
		5E18EE182C69DE780035B6FD /* CurrencyIcon.swift */ = {isa = PBXFileReference; lastKnownFileType = sourcecode.swift; path = CurrencyIcon.swift; sourceTree = "<group>"; };
/* End PBXFileReference section */

/* Begin PBXFrameworksBuildPhase section */
		5E0B6DA72C656D640071A826 /* Frameworks */ = {
			isa = PBXFrameworksBuildPhase;
			buildActionMask = 2147483647;
			files = (
			);
			runOnlyForDeploymentPostprocessing = 0;
		};
		5E0B6DB72C656D660071A826 /* Frameworks */ = {
			isa = PBXFrameworksBuildPhase;
			buildActionMask = 2147483647;
			files = (
			);
			runOnlyForDeploymentPostprocessing = 0;
		};
		5E0B6DC12C656D660071A826 /* Frameworks */ = {
			isa = PBXFrameworksBuildPhase;
			buildActionMask = 2147483647;
			files = (
			);
			runOnlyForDeploymentPostprocessing = 0;
		};
/* End PBXFrameworksBuildPhase section */

/* Begin PBXGroup section */
		5E0B6DA12C656D640071A826 = {
			isa = PBXGroup;
			children = (
				5E0B6DAC2C656D640071A826 /* LOTRConverter17 */,
				5E0B6DBD2C656D660071A826 /* LOTRConverter17Tests */,
				5E0B6DC72C656D660071A826 /* LOTRConverter17UITests */,
				5E0B6DAB2C656D640071A826 /* Products */,
			);
			sourceTree = "<group>";
		};
		5E0B6DAB2C656D640071A826 /* Products */ = {
			isa = PBXGroup;
			children = (
				5E0B6DAA2C656D640071A826 /* LOTRConverter17.app */,
				5E0B6DBA2C656D660071A826 /* LOTRConverter17Tests.xctest */,
				5E0B6DC42C656D660071A826 /* LOTRConverter17UITests.xctest */,
			);
			name = Products;
			sourceTree = "<group>";
		};
		5E0B6DAC2C656D640071A826 /* LOTRConverter17 */ = {
			isa = PBXGroup;
			children = (
				5E0B6DAD2C656D640071A826 /* LOTRConverter17App.swift */,
				5E0B6DAF2C656D640071A826 /* ContentView.swift */,
				5E18EE182C69DE780035B6FD /* CurrencyIcon.swift */,
				5E18EE162C69D97D0035B6FD /* SelectCurrency.swift */,
				5E0B6DD72C66A50B0071A826 /* ExchangeInfo.swift */,
				5E0B6DD92C66B4BC0071A826 /* ExchangeRate.swift */,
				5E0B6DB12C656D660071A826 /* Assets.xcassets */,
				5E0B6DB32C656D660071A826 /* Preview Content */,
			);
			path = LOTRConverter17;
			sourceTree = "<group>";
		};
		5E0B6DB32C656D660071A826 /* Preview Content */ = {
			isa = PBXGroup;
			children = (
				5E0B6DB42C656D660071A826 /* Preview Assets.xcassets */,
			);
			path = "Preview Content";
			sourceTree = "<group>";
		};
		5E0B6DBD2C656D660071A826 /* LOTRConverter17Tests */ = {
			isa = PBXGroup;
			children = (
				5E0B6DBE2C656D660071A826 /* LOTRConverter17Tests.swift */,
			);
			path = LOTRConverter17Tests;
			sourceTree = "<group>";
		};
		5E0B6DC72C656D660071A826 /* LOTRConverter17UITests */ = {
			isa = PBXGroup;
			children = (
				5E0B6DC82C656D660071A826 /* LOTRConverter17UITests.swift */,
				5E0B6DCA2C656D660071A826 /* LOTRConverter17UITestsLaunchTests.swift */,
			);
			path = LOTRConverter17UITests;
			sourceTree = "<group>";
		};
/* End PBXGroup section */

/* Begin PBXNativeTarget section */
		5E0B6DA92C656D640071A826 /* LOTRConverter17 */ = {
			isa = PBXNativeTarget;
			buildConfigurationList = 5E0B6DCE2C656D660071A826 /* Build configuration list for PBXNativeTarget "LOTRConverter17" */;
			buildPhases = (
				5E0B6DA62C656D640071A826 /* Sources */,
				5E0B6DA72C656D640071A826 /* Frameworks */,
				5E0B6DA82C656D640071A826 /* Resources */,
			);
			buildRules = (
			);
			dependencies = (
			);
			name = LOTRConverter17;
			productName = LOTRConverter17;
			productReference = 5E0B6DAA2C656D640071A826 /* LOTRConverter17.app */;
			productType = "com.apple.product-type.application";
		};
		5E0B6DB92C656D660071A826 /* LOTRConverter17Tests */ = {
			isa = PBXNativeTarget;
			buildConfigurationList = 5E0B6DD12C656D660071A826 /* Build configuration list for PBXNativeTarget "LOTRConverter17Tests" */;
			buildPhases = (
				5E0B6DB62C656D660071A826 /* Sources */,
				5E0B6DB72C656D660071A826 /* Frameworks */,
				5E0B6DB82C656D660071A826 /* Resources */,
			);
			buildRules = (
			);
			dependencies = (
				5E0B6DBC2C656D660071A826 /* PBXTargetDependency */,
			);
			name = LOTRConverter17Tests;
			productName = LOTRConverter17Tests;
			productReference = 5E0B6DBA2C656D660071A826 /* LOTRConverter17Tests.xctest */;
			productType = "com.apple.product-type.bundle.unit-test";
		};
		5E0B6DC32C656D660071A826 /* LOTRConverter17UITests */ = {
			isa = PBXNativeTarget;
			buildConfigurationList = 5E0B6DD42C656D660071A826 /* Build configuration list for PBXNativeTarget "LOTRConverter17UITests" */;
			buildPhases = (
				5E0B6DC02C656D660071A826 /* Sources */,
				5E0B6DC12C656D660071A826 /* Frameworks */,
				5E0B6DC22C656D660071A826 /* Resources */,
			);
			buildRules = (
			);
			dependencies = (
				5E0B6DC62C656D660071A826 /* PBXTargetDependency */,
			);
			name = LOTRConverter17UITests;
			productName = LOTRConverter17UITests;
			productReference = 5E0B6DC42C656D660071A826 /* LOTRConverter17UITests.xctest */;
			productType = "com.apple.product-type.bundle.ui-testing";
		};
/* End PBXNativeTarget section */

/* Begin PBXProject section */
		5E0B6DA22C656D640071A826 /* Project object */ = {
			isa = PBXProject;
			attributes = {
				BuildIndependentTargetsInParallel = 1;
				LastSwiftUpdateCheck = 1540;
				LastUpgradeCheck = 1540;
				TargetAttributes = {
					5E0B6DA92C656D640071A826 = {
						CreatedOnToolsVersion = 15.4;
					};
					5E0B6DB92C656D660071A826 = {
						CreatedOnToolsVersion = 15.4;
						TestTargetID = 5E0B6DA92C656D640071A826;
					};
					5E0B6DC32C656D660071A826 = {
						CreatedOnToolsVersion = 15.4;
						TestTargetID = 5E0B6DA92C656D640071A826;
					};
				};
			};
			buildConfigurationList = 5E0B6DA52C656D640071A826 /* Build configuration list for PBXProject "LOTRConverter17" */;
			compatibilityVersion = "Xcode 14.0";
			developmentRegion = en;
			hasScannedForEncodings = 0;
			knownRegions = (
				en,
				Base,
			);
			mainGroup = 5E0B6DA12C656D640071A826;
			productRefGroup = 5E0B6DAB2C656D640071A826 /* Products */;
			projectDirPath = "";
			projectRoot = "";
			targets = (
				5E0B6DA92C656D640071A826 /* LOTRConverter17 */,
				5E0B6DB92C656D660071A826 /* LOTRConverter17Tests */,
				5E0B6DC32C656D660071A826 /* LOTRConverter17UITests */,
			);
		};
/* End PBXProject section */

/* Begin PBXResourcesBuildPhase section */
		5E0B6DA82C656D640071A826 /* Resources */ = {
			isa = PBXResourcesBuildPhase;
			buildActionMask = 2147483647;
			files = (
				5E0B6DB52C656D660071A826 /* Preview Assets.xcassets in Resources */,
				5E0B6DB22C656D660071A826 /* Assets.xcassets in Resources */,
			);
			runOnlyForDeploymentPostprocessing = 0;
		};
		5E0B6DB82C656D660071A826 /* Resources */ = {
			isa = PBXResourcesBuildPhase;
			buildActionMask = 2147483647;
			files = (
			);
			runOnlyForDeploymentPostprocessing = 0;
		};
		5E0B6DC22C656D660071A826 /* Resources */ = {
			isa = PBXResourcesBuildPhase;
			buildActionMask = 2147483647;
			files = (
			);
			runOnlyForDeploymentPostprocessing = 0;
		};
/* End PBXResourcesBuildPhase section */

/* Begin PBXSourcesBuildPhase section */
		5E0B6DA62C656D640071A826 /* Sources */ = {
			isa = PBXSourcesBuildPhase;
			buildActionMask = 2147483647;
			files = (
				5E0B6DDA2C66B4BC0071A826 /* ExchangeRate.swift in Sources */,
				5E18EE172C69D97D0035B6FD /* SelectCurrency.swift in Sources */,
				5E0B6DD82C66A50B0071A826 /* ExchangeInfo.swift in Sources */,
				5E0B6DB02C656D640071A826 /* ContentView.swift in Sources */,
				5E0B6DAE2C656D640071A826 /* LOTRConverter17App.swift in Sources */,
				5E18EE192C69DE780035B6FD /* CurrencyIcon.swift in Sources */,
			);
			runOnlyForDeploymentPostprocessing = 0;
		};
		5E0B6DB62C656D660071A826 /* Sources */ = {
			isa = PBXSourcesBuildPhase;
			buildActionMask = 2147483647;
			files = (
				5E0B6DBF2C656D660071A826 /* LOTRConverter17Tests.swift in Sources */,
			);
			runOnlyForDeploymentPostprocessing = 0;
		};
		5E0B6DC02C656D660071A826 /* Sources */ = {
			isa = PBXSourcesBuildPhase;
			buildActionMask = 2147483647;
			files = (
				5E0B6DCB2C656D660071A826 /* LOTRConverter17UITestsLaunchTests.swift in Sources */,
				5E0B6DC92C656D660071A826 /* LOTRConverter17UITests.swift in Sources */,
			);
			runOnlyForDeploymentPostprocessing = 0;
		};
/* End PBXSourcesBuildPhase section */

/* Begin PBXTargetDependency section */
		5E0B6DBC2C656D660071A826 /* PBXTargetDependency */ = {
			isa = PBXTargetDependency;
			target = 5E0B6DA92C656D640071A826 /* LOTRConverter17 */;
			targetProxy = 5E0B6DBB2C656D660071A826 /* PBXContainerItemProxy */;
		};
		5E0B6DC62C656D660071A826 /* PBXTargetDependency */ = {
			isa = PBXTargetDependency;
			target = 5E0B6DA92C656D640071A826 /* LOTRConverter17 */;
			targetProxy = 5E0B6DC52C656D660071A826 /* PBXContainerItemProxy */;
		};
/* End PBXTargetDependency section */

/* Begin XCBuildConfiguration section */
		5E0B6DCC2C656D660071A826 /* Debug */ = {
			isa = XCBuildConfiguration;
			buildSettings = {
				ALWAYS_SEARCH_USER_PATHS = NO;
				ASSETCATALOG_COMPILER_GENERATE_SWIFT_ASSET_SYMBOL_EXTENSIONS = YES;
				CLANG_ANALYZER_NONNULL = YES;
				CLANG_ANALYZER_NUMBER_OBJECT_CONVERSION = YES_AGGRESSIVE;
				CLANG_CXX_LANGUAGE_STANDARD = "gnu++20";
				CLANG_ENABLE_MODULES = YES;
				CLANG_ENABLE_OBJC_ARC = YES;
				CLANG_ENABLE_OBJC_WEAK = YES;
				CLANG_WARN_BLOCK_CAPTURE_AUTORELEASING = YES;
				CLANG_WARN_BOOL_CONVERSION = YES;
				CLANG_WARN_COMMA = YES;
				CLANG_WARN_CONSTANT_CONVERSION = YES;
				CLANG_WARN_DEPRECATED_OBJC_IMPLEMENTATIONS = YES;
				CLANG_WARN_DIRECT_OBJC_ISA_USAGE = YES_ERROR;
				CLANG_WARN_DOCUMENTATION_COMMENTS = YES;
				CLANG_WARN_EMPTY_BODY = YES;
				CLANG_WARN_ENUM_CONVERSION = YES;
				CLANG_WARN_INFINITE_RECURSION = YES;
				CLANG_WARN_INT_CONVERSION = YES;
				CLANG_WARN_NON_LITERAL_NULL_CONVERSION = YES;
				CLANG_WARN_OBJC_IMPLICIT_RETAIN_SELF = YES;
				CLANG_WARN_OBJC_LITERAL_CONVERSION = YES;
				CLANG_WARN_OBJC_ROOT_CLASS = YES_ERROR;
				CLANG_WARN_QUOTED_INCLUDE_IN_FRAMEWORK_HEADER = YES;
				CLANG_WARN_RANGE_LOOP_ANALYSIS = YES;
				CLANG_WARN_STRICT_PROTOTYPES = YES;
				CLANG_WARN_SUSPICIOUS_MOVE = YES;
				CLANG_WARN_UNGUARDED_AVAILABILITY = YES_AGGRESSIVE;
				CLANG_WARN_UNREACHABLE_CODE = YES;
				CLANG_WARN__DUPLICATE_METHOD_MATCH = YES;
				COPY_PHASE_STRIP = NO;
				DEBUG_INFORMATION_FORMAT = dwarf;
				ENABLE_STRICT_OBJC_MSGSEND = YES;
				ENABLE_TESTABILITY = YES;
				ENABLE_USER_SCRIPT_SANDBOXING = YES;
				GCC_C_LANGUAGE_STANDARD = gnu17;
				GCC_DYNAMIC_NO_PIC = NO;
				GCC_NO_COMMON_BLOCKS = YES;
				GCC_OPTIMIZATION_LEVEL = 0;
				GCC_PREPROCESSOR_DEFINITIONS = (
					"DEBUG=1",
					"$(inherited)",
				);
				GCC_WARN_64_TO_32_BIT_CONVERSION = YES;
				GCC_WARN_ABOUT_RETURN_TYPE = YES_ERROR;
				GCC_WARN_UNDECLARED_SELECTOR = YES;
				GCC_WARN_UNINITIALIZED_AUTOS = YES_AGGRESSIVE;
				GCC_WARN_UNUSED_FUNCTION = YES;
				GCC_WARN_UNUSED_VARIABLE = YES;
				IPHONEOS_DEPLOYMENT_TARGET = 17.5;
				LOCALIZATION_PREFERS_STRING_CATALOGS = YES;
				MTL_ENABLE_DEBUG_INFO = INCLUDE_SOURCE;
				MTL_FAST_MATH = YES;
				ONLY_ACTIVE_ARCH = YES;
				SDKROOT = iphoneos;
				SWIFT_ACTIVE_COMPILATION_CONDITIONS = "DEBUG $(inherited)";
				SWIFT_OPTIMIZATION_LEVEL = "-Onone";
			};
			name = Debug;
		};
		5E0B6DCD2C656D660071A826 /* Release */ = {
			isa = XCBuildConfiguration;
			buildSettings = {
				ALWAYS_SEARCH_USER_PATHS = NO;
				ASSETCATALOG_COMPILER_GENERATE_SWIFT_ASSET_SYMBOL_EXTENSIONS = YES;
				CLANG_ANALYZER_NONNULL = YES;
				CLANG_ANALYZER_NUMBER_OBJECT_CONVERSION = YES_AGGRESSIVE;
				CLANG_CXX_LANGUAGE_STANDARD = "gnu++20";
				CLANG_ENABLE_MODULES = YES;
				CLANG_ENABLE_OBJC_ARC = YES;
				CLANG_ENABLE_OBJC_WEAK = YES;
				CLANG_WARN_BLOCK_CAPTURE_AUTORELEASING = YES;
				CLANG_WARN_BOOL_CONVERSION = YES;
				CLANG_WARN_COMMA = YES;
				CLANG_WARN_CONSTANT_CONVERSION = YES;
				CLANG_WARN_DEPRECATED_OBJC_IMPLEMENTATIONS = YES;
				CLANG_WARN_DIRECT_OBJC_ISA_USAGE = YES_ERROR;
				CLANG_WARN_DOCUMENTATION_COMMENTS = YES;
				CLANG_WARN_EMPTY_BODY = YES;
				CLANG_WARN_ENUM_CONVERSION = YES;
				CLANG_WARN_INFINITE_RECURSION = YES;
				CLANG_WARN_INT_CONVERSION = YES;
				CLANG_WARN_NON_LITERAL_NULL_CONVERSION = YES;
				CLANG_WARN_OBJC_IMPLICIT_RETAIN_SELF = YES;
				CLANG_WARN_OBJC_LITERAL_CONVERSION = YES;
				CLANG_WARN_OBJC_ROOT_CLASS = YES_ERROR;
				CLANG_WARN_QUOTED_INCLUDE_IN_FRAMEWORK_HEADER = YES;
				CLANG_WARN_RANGE_LOOP_ANALYSIS = YES;
				CLANG_WARN_STRICT_PROTOTYPES = YES;
				CLANG_WARN_SUSPICIOUS_MOVE = YES;
				CLANG_WARN_UNGUARDED_AVAILABILITY = YES_AGGRESSIVE;
				CLANG_WARN_UNREACHABLE_CODE = YES;
				CLANG_WARN__DUPLICATE_METHOD_MATCH = YES;
				COPY_PHASE_STRIP = NO;
				DEBUG_INFORMATION_FORMAT = "dwarf-with-dsym";
				ENABLE_NS_ASSERTIONS = NO;
				ENABLE_STRICT_OBJC_MSGSEND = YES;
				ENABLE_USER_SCRIPT_SANDBOXING = YES;
				GCC_C_LANGUAGE_STANDARD = gnu17;
				GCC_NO_COMMON_BLOCKS = YES;
				GCC_WARN_64_TO_32_BIT_CONVERSION = YES;
				GCC_WARN_ABOUT_RETURN_TYPE = YES_ERROR;
				GCC_WARN_UNDECLARED_SELECTOR = YES;
				GCC_WARN_UNINITIALIZED_AUTOS = YES_AGGRESSIVE;
				GCC_WARN_UNUSED_FUNCTION = YES;
				GCC_WARN_UNUSED_VARIABLE = YES;
				IPHONEOS_DEPLOYMENT_TARGET = 17.5;
				LOCALIZATION_PREFERS_STRING_CATALOGS = YES;
				MTL_ENABLE_DEBUG_INFO = NO;
				MTL_FAST_MATH = YES;
				SDKROOT = iphoneos;
				SWIFT_COMPILATION_MODE = wholemodule;
				VALIDATE_PRODUCT = YES;
			};
			name = Release;
		};
		5E0B6DCF2C656D660071A826 /* Debug */ = {
			isa = XCBuildConfiguration;
			buildSettings = {
				ASSETCATALOG_COMPILER_APPICON_NAME = AppIcon;
				ASSETCATALOG_COMPILER_GLOBAL_ACCENT_COLOR_NAME = AccentColor;
				CODE_SIGN_STYLE = Automatic;
				CURRENT_PROJECT_VERSION = 1;
				DEVELOPMENT_ASSET_PATHS = "\"LOTRConverter17/Preview Content\"";
				DEVELOPMENT_TEAM = 3V3RVFQPZ4;
				ENABLE_PREVIEWS = YES;
				GENERATE_INFOPLIST_FILE = YES;
				INFOPLIST_KEY_UIApplicationSceneManifest_Generation = YES;
				INFOPLIST_KEY_UIApplicationSupportsIndirectInputEvents = YES;
				INFOPLIST_KEY_UILaunchScreen_Generation = YES;
				INFOPLIST_KEY_UISupportedInterfaceOrientations_iPad = "UIInterfaceOrientationPortrait UIInterfaceOrientationPortraitUpsideDown UIInterfaceOrientationLandscapeLeft UIInterfaceOrientationLandscapeRight";
				INFOPLIST_KEY_UISupportedInterfaceOrientations_iPhone = "UIInterfaceOrientationPortrait UIInterfaceOrientationLandscapeLeft UIInterfaceOrientationLandscapeRight";
				LD_RUNPATH_SEARCH_PATHS = (
					"$(inherited)",
					"@executable_path/Frameworks",
				);
				MARKETING_VERSION = 1.0;
				PRODUCT_BUNDLE_IDENTIFIER = com.alejoreyna.LOTRConverter17;
				PRODUCT_NAME = "$(TARGET_NAME)";
				SWIFT_EMIT_LOC_STRINGS = YES;
				SWIFT_VERSION = 5.0;
				TARGETED_DEVICE_FAMILY = "1,2";
			};
			name = Debug;
		};
		5E0B6DD02C656D660071A826 /* Release */ = {
			isa = XCBuildConfiguration;
			buildSettings = {
				ASSETCATALOG_COMPILER_APPICON_NAME = AppIcon;
				ASSETCATALOG_COMPILER_GLOBAL_ACCENT_COLOR_NAME = AccentColor;
				CODE_SIGN_STYLE = Automatic;
				CURRENT_PROJECT_VERSION = 1;
				DEVELOPMENT_ASSET_PATHS = "\"LOTRConverter17/Preview Content\"";
				DEVELOPMENT_TEAM = 3V3RVFQPZ4;
				ENABLE_PREVIEWS = YES;
				GENERATE_INFOPLIST_FILE = YES;
				INFOPLIST_KEY_UIApplicationSceneManifest_Generation = YES;
				INFOPLIST_KEY_UIApplicationSupportsIndirectInputEvents = YES;
				INFOPLIST_KEY_UILaunchScreen_Generation = YES;
				INFOPLIST_KEY_UISupportedInterfaceOrientations_iPad = "UIInterfaceOrientationPortrait UIInterfaceOrientationPortraitUpsideDown UIInterfaceOrientationLandscapeLeft UIInterfaceOrientationLandscapeRight";
				INFOPLIST_KEY_UISupportedInterfaceOrientations_iPhone = "UIInterfaceOrientationPortrait UIInterfaceOrientationLandscapeLeft UIInterfaceOrientationLandscapeRight";
				LD_RUNPATH_SEARCH_PATHS = (
					"$(inherited)",
					"@executable_path/Frameworks",
				);
				MARKETING_VERSION = 1.0;
				PRODUCT_BUNDLE_IDENTIFIER = com.alejoreyna.LOTRConverter17;
				PRODUCT_NAME = "$(TARGET_NAME)";
				SWIFT_EMIT_LOC_STRINGS = YES;
				SWIFT_VERSION = 5.0;
				TARGETED_DEVICE_FAMILY = "1,2";
			};
			name = Release;
		};
		5E0B6DD22C656D660071A826 /* Debug */ = {
			isa = XCBuildConfiguration;
			buildSettings = {
				ALWAYS_EMBED_SWIFT_STANDARD_LIBRARIES = YES;
				BUNDLE_LOADER = "$(TEST_HOST)";
				CODE_SIGN_STYLE = Automatic;
				CURRENT_PROJECT_VERSION = 1;
				DEVELOPMENT_TEAM = 3V3RVFQPZ4;
				GENERATE_INFOPLIST_FILE = YES;
				IPHONEOS_DEPLOYMENT_TARGET = 17.5;
				MARKETING_VERSION = 1.0;
				PRODUCT_BUNDLE_IDENTIFIER = com.alejoreyna.LOTRConverter17Tests;
				PRODUCT_NAME = "$(TARGET_NAME)";
				SWIFT_EMIT_LOC_STRINGS = NO;
				SWIFT_VERSION = 5.0;
				TARGETED_DEVICE_FAMILY = "1,2";
				TEST_HOST = "$(BUILT_PRODUCTS_DIR)/LOTRConverter17.app/$(BUNDLE_EXECUTABLE_FOLDER_PATH)/LOTRConverter17";
			};
			name = Debug;
		};
		5E0B6DD32C656D660071A826 /* Release */ = {
			isa = XCBuildConfiguration;
			buildSettings = {
				ALWAYS_EMBED_SWIFT_STANDARD_LIBRARIES = YES;
				BUNDLE_LOADER = "$(TEST_HOST)";
				CODE_SIGN_STYLE = Automatic;
				CURRENT_PROJECT_VERSION = 1;
				DEVELOPMENT_TEAM = 3V3RVFQPZ4;
				GENERATE_INFOPLIST_FILE = YES;
				IPHONEOS_DEPLOYMENT_TARGET = 17.5;
				MARKETING_VERSION = 1.0;
				PRODUCT_BUNDLE_IDENTIFIER = com.alejoreyna.LOTRConverter17Tests;
				PRODUCT_NAME = "$(TARGET_NAME)";
				SWIFT_EMIT_LOC_STRINGS = NO;
				SWIFT_VERSION = 5.0;
				TARGETED_DEVICE_FAMILY = "1,2";
				TEST_HOST = "$(BUILT_PRODUCTS_DIR)/LOTRConverter17.app/$(BUNDLE_EXECUTABLE_FOLDER_PATH)/LOTRConverter17";
			};
			name = Release;
		};
		5E0B6DD52C656D660071A826 /* Debug */ = {
			isa = XCBuildConfiguration;
			buildSettings = {
				ALWAYS_EMBED_SWIFT_STANDARD_LIBRARIES = YES;
				CODE_SIGN_STYLE = Automatic;
				CURRENT_PROJECT_VERSION = 1;
				DEVELOPMENT_TEAM = 3V3RVFQPZ4;
				GENERATE_INFOPLIST_FILE = YES;
				MARKETING_VERSION = 1.0;
				PRODUCT_BUNDLE_IDENTIFIER = com.alejoreyna.LOTRConverter17UITests;
				PRODUCT_NAME = "$(TARGET_NAME)";
				SWIFT_EMIT_LOC_STRINGS = NO;
				SWIFT_VERSION = 5.0;
				TARGETED_DEVICE_FAMILY = "1,2";
				TEST_TARGET_NAME = LOTRConverter17;
			};
			name = Debug;
		};
		5E0B6DD62C656D660071A826 /* Release */ = {
			isa = XCBuildConfiguration;
			buildSettings = {
				ALWAYS_EMBED_SWIFT_STANDARD_LIBRARIES = YES;
				CODE_SIGN_STYLE = Automatic;
				CURRENT_PROJECT_VERSION = 1;
				DEVELOPMENT_TEAM = 3V3RVFQPZ4;
				GENERATE_INFOPLIST_FILE = YES;
				MARKETING_VERSION = 1.0;
				PRODUCT_BUNDLE_IDENTIFIER = com.alejoreyna.LOTRConverter17UITests;
				PRODUCT_NAME = "$(TARGET_NAME)";
				SWIFT_EMIT_LOC_STRINGS = NO;
				SWIFT_VERSION = 5.0;
				TARGETED_DEVICE_FAMILY = "1,2";
				TEST_TARGET_NAME = LOTRConverter17;
			};
			name = Release;
		};
/* End XCBuildConfiguration section */

/* Begin XCConfigurationList section */
		5E0B6DA52C656D640071A826 /* Build configuration list for PBXProject "LOTRConverter17" */ = {
			isa = XCConfigurationList;
			buildConfigurations = (
				5E0B6DCC2C656D660071A826 /* Debug */,
				5E0B6DCD2C656D660071A826 /* Release */,
			);
			defaultConfigurationIsVisible = 0;
			defaultConfigurationName = Release;
		};
		5E0B6DCE2C656D660071A826 /* Build configuration list for PBXNativeTarget "LOTRConverter17" */ = {
			isa = XCConfigurationList;
			buildConfigurations = (
				5E0B6DCF2C656D660071A826 /* Debug */,
				5E0B6DD02C656D660071A826 /* Release */,
			);
			defaultConfigurationIsVisible = 0;
			defaultConfigurationName = Release;
		};
		5E0B6DD12C656D660071A826 /* Build configuration list for PBXNativeTarget "LOTRConverter17Tests" */ = {
			isa = XCConfigurationList;
			buildConfigurations = (
				5E0B6DD22C656D660071A826 /* Debug */,
				5E0B6DD32C656D660071A826 /* Release */,
			);
			defaultConfigurationIsVisible = 0;
			defaultConfigurationName = Release;
		};
		5E0B6DD42C656D660071A826 /* Build configuration list for PBXNativeTarget "LOTRConverter17UITests" */ = {
			isa = XCConfigurationList;
			buildConfigurations = (
				5E0B6DD52C656D660071A826 /* Debug */,
				5E0B6DD62C656D660071A826 /* Release */,
			);
			defaultConfigurationIsVisible = 0;
			defaultConfigurationName = Release;
		};
/* End XCConfigurationList section */
	};
	rootObject = 5E0B6DA22C656D640071A826 /* Project object */;
}
